
Microsoft Visual Studio Solution File, Format Version 12.00
# Visual Studio Version 17
VisualStudioVersion = 17.7.34024.191
MinimumVisualStudioVersion = 10.0.40219.1
Project("{9A19103F-16F7-4668-BE54-9A1E7A4F7556}") = "WEB_153504_Pryhozhy", "WEB_153504_Pryhozhy\WEB_153504_Pryhozhy.csproj", "{0583586C-9DDD-4059-A88C-2100842081FA}"
EndProject
Project("{9A19103F-16F7-4668-BE54-9A1E7A4F7556}") = "WEB_153504_Pryhozhy.Domain", "WEB_15354_Pryhozhy.Domain\WEB_153504_Pryhozhy.Domain.csproj", "{E73A00BD-DA69-4B4A-BB5B-746CCE57EC65}"
EndProject
Project("{9A19103F-16F7-4668-BE54-9A1E7A4F7556}") = "WEB_153504_Pryhozhy.API", "WEB_153504_Pryhozhy.API\WEB_153504_Pryhozhy.API.csproj", "{92CB9D32-AA42-427A-A944-F00F4DB8B417}"
EndProject
Project("{9A19103F-16F7-4668-BE54-9A1E7A4F7556}") = "WEB_153504_Pryhozhy.IdentityServer", "WEB_153504_Pryhozhy.IdentityServer\WEB_153504_Pryhozhy.IdentityServer.csproj", "{9D8DBC44-C676-432B-8078-F85390E33AEF}"
EndProject
Global
	GlobalSection(SolutionConfigurationPlatforms) = preSolution
		Debug|Any CPU = Debug|Any CPU
		Release|Any CPU = Release|Any CPU
	EndGlobalSection
	GlobalSection(ProjectConfigurationPlatforms) = postSolution
		{0583586C-9DDD-4059-A88C-2100842081FA}.Debug|Any CPU.ActiveCfg = Debug|Any CPU
		{0583586C-9DDD-4059-A88C-2100842081FA}.Debug|Any CPU.Build.0 = Debug|Any CPU
		{0583586C-9DDD-4059-A88C-2100842081FA}.Release|Any CPU.ActiveCfg = Release|Any CPU
		{0583586C-9DDD-4059-A88C-2100842081FA}.Release|Any CPU.Build.0 = Release|Any CPU
		{E73A00BD-DA69-4B4A-BB5B-746CCE57EC65}.Debug|Any CPU.ActiveCfg = Debug|Any CPU
		{E73A00BD-DA69-4B4A-BB5B-746CCE57EC65}.Debug|Any CPU.Build.0 = Debug|Any CPU
		{E73A00BD-DA69-4B4A-BB5B-746CCE57EC65}.Release|Any CPU.ActiveCfg = Release|Any CPU
		{E73A00BD-DA69-4B4A-BB5B-746CCE57EC65}.Release|Any CPU.Build.0 = Release|Any CPU
		{92CB9D32-AA42-427A-A944-F00F4DB8B417}.Debug|Any CPU.ActiveCfg = Debug|Any CPU
		{92CB9D32-AA42-427A-A944-F00F4DB8B417}.Debug|Any CPU.Build.0 = Debug|Any CPU
		{92CB9D32-AA42-427A-A944-F00F4DB8B417}.Release|Any CPU.ActiveCfg = Release|Any CPU
		{92CB9D32-AA42-427A-A944-F00F4DB8B417}.Release|Any CPU.Build.0 = Release|Any CPU
		{9D8DBC44-C676-432B-8078-F85390E33AEF}.Debug|Any CPU.ActiveCfg = Debug|Any CPU
		{9D8DBC44-C676-432B-8078-F85390E33AEF}.Debug|Any CPU.Build.0 = Debug|Any CPU
		{9D8DBC44-C676-432B-8078-F85390E33AEF}.Release|Any CPU.ActiveCfg = Release|Any CPU
		{9D8DBC44-C676-432B-8078-F85390E33AEF}.Release|Any CPU.Build.0 = Release|Any CPU
	EndGlobalSection
	GlobalSection(SolutionProperties) = preSolution
		HideSolutionNode = FALSE
	EndGlobalSection
	GlobalSection(ExtensibilityGlobals) = postSolution
		SolutionGuid = {03134AAF-CAB9-4152-A28F-E78080855E10}
	EndGlobalSection
EndGlobal
